
Microsoft Visual Studio Solution File, Format Version 12.00
# Visual Studio Version 17
VisualStudioVersion = 17.7.34031.279
MinimumVisualStudioVersion = 10.0.40219.1
Project("{FAE04EC0-301F-11D3-BF4B-00C04F79EFBC}") = "simple_note", "simple_note\simple_note.csproj", "{7C28459B-3E9F-4A10-B058-5657E2667C03}"
EndProject
Global
	GlobalSection(SolutionConfigurationPlatforms) = preSolution
		Debug|Any CPU = Debug|Any CPU
		Release|Any CPU = Release|Any CPU
	EndGlobalSection
	GlobalSection(ProjectConfigurationPlatforms) = postSolution
		{7C28459B-3E9F-4A10-B058-5657E2667C03}.Debug|Any CPU.ActiveCfg = Debug|Any CPU
		{7C28459B-3E9F-4A10-B058-5657E2667C03}.Debug|Any CPU.Build.0 = Debug|Any CPU
		{7C28459B-3E9F-4A10-B058-5657E2667C03}.Release|Any CPU.ActiveCfg = Release|Any CPU
		{7C28459B-3E9F-4A10-B058-5657E2667C03}.Release|Any CPU.Build.0 = Release|Any CPU
	EndGlobalSection
	GlobalSection(SolutionProperties) = preSolution
		HideSolutionNode = FALSE
	EndGlobalSection
	GlobalSection(ExtensibilityGlobals) = postSolution
		SolutionGuid = {308C27F7-260A-4B39-9B42-331648531D6A}
	EndGlobalSection
EndGlobal
